// !$*UTF8*$!
{
	archiveVersion = 1;
	classes = {
	};
	objectVersion = 46;
	objects = {

/* Begin PBXBuildFile section */
		8422946B1774D9C000958105 /* CRIButtonItem.m in Sources */ = {isa = PBXBuildFile; fileRef = 842294661774D9C000958105 /* CRIButtonItem.m */; };
		8422946C1774D9C000958105 /* UIActionSheet+Blocks.m in Sources */ = {isa = PBXBuildFile; fileRef = 842294681774D9C000958105 /* UIActionSheet+Blocks.m */; };
		8422946D1774D9C000958105 /* UIAlertView+Blocks.m in Sources */ = {isa = PBXBuildFile; fileRef = 8422946A1774D9C000958105 /* UIAlertView+Blocks.m */; };
		844FCE81174DEB0900BB8481 /* UIKit.framework in Frameworks */ = {isa = PBXBuildFile; fileRef = 844FCE80174DEB0900BB8481 /* UIKit.framework */; };
		844FCE83174DEB0900BB8481 /* Foundation.framework in Frameworks */ = {isa = PBXBuildFile; fileRef = 844FCE82174DEB0900BB8481 /* Foundation.framework */; };
		844FCE85174DEB0900BB8481 /* CoreGraphics.framework in Frameworks */ = {isa = PBXBuildFile; fileRef = 844FCE84174DEB0900BB8481 /* CoreGraphics.framework */; };
		844FCE8B174DEB0900BB8481 /* InfoPlist.strings in Resources */ = {isa = PBXBuildFile; fileRef = 844FCE89174DEB0900BB8481 /* InfoPlist.strings */; };
		844FCE8D174DEB0900BB8481 /* main.m in Sources */ = {isa = PBXBuildFile; fileRef = 844FCE8C174DEB0900BB8481 /* main.m */; };
		844FCE91174DEB0900BB8481 /* CRIAppDelegate.m in Sources */ = {isa = PBXBuildFile; fileRef = 844FCE90174DEB0900BB8481 /* CRIAppDelegate.m */; };
		844FCE93174DEB0900BB8481 /* Default.png in Resources */ = {isa = PBXBuildFile; fileRef = 844FCE92174DEB0900BB8481 /* Default.png */; };
		844FCE95174DEB0900BB8481 /* Default@2x.png in Resources */ = {isa = PBXBuildFile; fileRef = 844FCE94174DEB0900BB8481 /* Default@2x.png */; };
		844FCE97174DEB0900BB8481 /* Default-568h@2x.png in Resources */ = {isa = PBXBuildFile; fileRef = 844FCE96174DEB0900BB8481 /* Default-568h@2x.png */; };
		844FCE9A174DEB0900BB8481 /* CRIViewController.m in Sources */ = {isa = PBXBuildFile; fileRef = 844FCE99174DEB0900BB8481 /* CRIViewController.m */; };
		844FCE9D174DEB0900BB8481 /* CRIViewController_iPhone.xib in Resources */ = {isa = PBXBuildFile; fileRef = 844FCE9B174DEB0900BB8481 /* CRIViewController_iPhone.xib */; };
		844FCEA0174DEB0900BB8481 /* CRIViewController_iPad.xib in Resources */ = {isa = PBXBuildFile; fileRef = 844FCE9E174DEB0900BB8481 /* CRIViewController_iPad.xib */; };
/* End PBXBuildFile section */

/* Begin PBXFileReference section */
		842294651774D9C000958105 /* CRIButtonItem.h */ = {isa = PBXFileReference; fileEncoding = 4; lastKnownFileType = sourcecode.c.h; path = CRIButtonItem.h; sourceTree = "<group>"; };
		842294661774D9C000958105 /* CRIButtonItem.m */ = {isa = PBXFileReference; fileEncoding = 4; lastKnownFileType = sourcecode.c.objc; path = CRIButtonItem.m; sourceTree = "<group>"; };
		842294671774D9C000958105 /* UIActionSheet+Blocks.h */ = {isa = PBXFileReference; fileEncoding = 4; lastKnownFileType = sourcecode.c.h; path = "UIActionSheet+Blocks.h"; sourceTree = "<group>"; };
		842294681774D9C000958105 /* UIActionSheet+Blocks.m */ = {isa = PBXFileReference; fileEncoding = 4; lastKnownFileType = sourcecode.c.objc; path = "UIActionSheet+Blocks.m"; sourceTree = "<group>"; };
		842294691774D9C000958105 /* UIAlertView+Blocks.h */ = {isa = PBXFileReference; fileEncoding = 4; lastKnownFileType = sourcecode.c.h; path = "UIAlertView+Blocks.h"; sourceTree = "<group>"; };
		8422946A1774D9C000958105 /* UIAlertView+Blocks.m */ = {isa = PBXFileReference; fileEncoding = 4; lastKnownFileType = sourcecode.c.objc; path = "UIAlertView+Blocks.m"; sourceTree = "<group>"; };
		844FCE7D174DEB0900BB8481 /* AlertView.app */ = {isa = PBXFileReference; explicitFileType = wrapper.application; includeInIndex = 0; path = AlertView.app; sourceTree = BUILT_PRODUCTS_DIR; };
		844FCE80174DEB0900BB8481 /* UIKit.framework */ = {isa = PBXFileReference; lastKnownFileType = wrapper.framework; name = UIKit.framework; path = System/Library/Frameworks/UIKit.framework; sourceTree = SDKROOT; };
		844FCE82174DEB0900BB8481 /* Foundation.framework */ = {isa = PBXFileReference; lastKnownFileType = wrapper.framework; name = Foundation.framework; path = System/Library/Frameworks/Foundation.framework; sourceTree = SDKROOT; };
		844FCE84174DEB0900BB8481 /* CoreGraphics.framework */ = {isa = PBXFileReference; lastKnownFileType = wrapper.framework; name = CoreGraphics.framework; path = System/Library/Frameworks/CoreGraphics.framework; sourceTree = SDKROOT; };
		844FCE88174DEB0900BB8481 /* AlertView-Info.plist */ = {isa = PBXFileReference; lastKnownFileType = text.plist.xml; path = "AlertView-Info.plist"; sourceTree = "<group>"; };
		844FCE8A174DEB0900BB8481 /* en */ = {isa = PBXFileReference; lastKnownFileType = text.plist.strings; name = en; path = en.lproj/InfoPlist.strings; sourceTree = "<group>"; };
		844FCE8C174DEB0900BB8481 /* main.m */ = {isa = PBXFileReference; lastKnownFileType = sourcecode.c.objc; path = main.m; sourceTree = "<group>"; };
		844FCE8E174DEB0900BB8481 /* AlertView-Prefix.pch */ = {isa = PBXFileReference; lastKnownFileType = sourcecode.c.h; path = "AlertView-Prefix.pch"; sourceTree = "<group>"; };
		844FCE8F174DEB0900BB8481 /* CRIAppDelegate.h */ = {isa = PBXFileReference; lastKnownFileType = sourcecode.c.h; path = CRIAppDelegate.h; sourceTree = "<group>"; };
		844FCE90174DEB0900BB8481 /* CRIAppDelegate.m */ = {isa = PBXFileReference; lastKnownFileType = sourcecode.c.objc; path = CRIAppDelegate.m; sourceTree = "<group>"; };
		844FCE92174DEB0900BB8481 /* Default.png */ = {isa = PBXFileReference; lastKnownFileType = image.png; path = Default.png; sourceTree = "<group>"; };
		844FCE94174DEB0900BB8481 /* Default@2x.png */ = {isa = PBXFileReference; lastKnownFileType = image.png; path = "Default@2x.png"; sourceTree = "<group>"; };
		844FCE96174DEB0900BB8481 /* Default-568h@2x.png */ = {isa = PBXFileReference; lastKnownFileType = image.png; path = "Default-568h@2x.png"; sourceTree = "<group>"; };
		844FCE98174DEB0900BB8481 /* CRIViewController.h */ = {isa = PBXFileReference; lastKnownFileType = sourcecode.c.h; path = CRIViewController.h; sourceTree = "<group>"; };
		844FCE99174DEB0900BB8481 /* CRIViewController.m */ = {isa = PBXFileReference; lastKnownFileType = sourcecode.c.objc; path = CRIViewController.m; sourceTree = "<group>"; };
		844FCE9C174DEB0900BB8481 /* en */ = {isa = PBXFileReference; lastKnownFileType = file.xib; name = en; path = en.lproj/CRIViewController_iPhone.xib; sourceTree = "<group>"; };
		844FCE9F174DEB0900BB8481 /* en */ = {isa = PBXFileReference; lastKnownFileType = file.xib; name = en; path = en.lproj/CRIViewController_iPad.xib; sourceTree = "<group>"; };
/* End PBXFileReference section */

/* Begin PBXFrameworksBuildPhase section */
		844FCE7A174DEB0900BB8481 /* Frameworks */ = {
			isa = PBXFrameworksBuildPhase;
			buildActionMask = 2147483647;
			files = (
				844FCE81174DEB0900BB8481 /* UIKit.framework in Frameworks */,
				844FCE83174DEB0900BB8481 /* Foundation.framework in Frameworks */,
				844FCE85174DEB0900BB8481 /* CoreGraphics.framework in Frameworks */,
			);
			runOnlyForDeploymentPostprocessing = 0;
		};
/* End PBXFrameworksBuildPhase section */

/* Begin PBXGroup section */
		842294641774D9C000958105 /* AlertViews+Blocks */ = {
			isa = PBXGroup;
			children = (
				842294651774D9C000958105 /* CRIButtonItem.h */,
				842294661774D9C000958105 /* CRIButtonItem.m */,
				842294671774D9C000958105 /* UIActionSheet+Blocks.h */,
				842294681774D9C000958105 /* UIActionSheet+Blocks.m */,
				842294691774D9C000958105 /* UIAlertView+Blocks.h */,
				8422946A1774D9C000958105 /* UIAlertView+Blocks.m */,
			);
			path = "AlertViews+Blocks";
			sourceTree = "<group>";
		};
		844FCE74174DEB0900BB8481 = {
			isa = PBXGroup;
			children = (
				842294641774D9C000958105 /* AlertViews+Blocks */,
				844FCE86174DEB0900BB8481 /* AlertView */,
				844FCE7F174DEB0900BB8481 /* Frameworks */,
				844FCE7E174DEB0900BB8481 /* Products */,
			);
			sourceTree = "<group>";
		};
		844FCE7E174DEB0900BB8481 /* Products */ = {
			isa = PBXGroup;
			children = (
				844FCE7D174DEB0900BB8481 /* AlertView.app */,
			);
			name = Products;
			sourceTree = "<group>";
		};
		844FCE7F174DEB0900BB8481 /* Frameworks */ = {
			isa = PBXGroup;
			children = (
				844FCE80174DEB0900BB8481 /* UIKit.framework */,
				844FCE82174DEB0900BB8481 /* Foundation.framework */,
				844FCE84174DEB0900BB8481 /* CoreGraphics.framework */,
			);
			name = Frameworks;
			sourceTree = "<group>";
		};
		844FCE86174DEB0900BB8481 /* AlertView */ = {
			isa = PBXGroup;
			children = (
				844FCE8F174DEB0900BB8481 /* CRIAppDelegate.h */,
				844FCE90174DEB0900BB8481 /* CRIAppDelegate.m */,
				844FCE98174DEB0900BB8481 /* CRIViewController.h */,
				844FCE99174DEB0900BB8481 /* CRIViewController.m */,
				844FCE9B174DEB0900BB8481 /* CRIViewController_iPhone.xib */,
				844FCE9E174DEB0900BB8481 /* CRIViewController_iPad.xib */,
				844FCE87174DEB0900BB8481 /* Supporting Files */,
			);
			path = AlertView;
			sourceTree = "<group>";
		};
		844FCE87174DEB0900BB8481 /* Supporting Files */ = {
			isa = PBXGroup;
			children = (
				844FCE88174DEB0900BB8481 /* AlertView-Info.plist */,
				844FCE89174DEB0900BB8481 /* InfoPlist.strings */,
				844FCE8C174DEB0900BB8481 /* main.m */,
				844FCE8E174DEB0900BB8481 /* AlertView-Prefix.pch */,
				844FCE92174DEB0900BB8481 /* Default.png */,
				844FCE94174DEB0900BB8481 /* Default@2x.png */,
				844FCE96174DEB0900BB8481 /* Default-568h@2x.png */,
			);
			name = "Supporting Files";
			sourceTree = "<group>";
		};
/* End PBXGroup section */

/* Begin PBXNativeTarget section */
		844FCE7C174DEB0900BB8481 /* AlertView */ = {
			isa = PBXNativeTarget;
			buildConfigurationList = 844FCEA3174DEB0900BB8481 /* Build configuration list for PBXNativeTarget "AlertView" */;
			buildPhases = (
				844FCE79174DEB0900BB8481 /* Sources */,
				844FCE7A174DEB0900BB8481 /* Frameworks */,
				844FCE7B174DEB0900BB8481 /* Resources */,
			);
			buildRules = (
			);
			dependencies = (
			);
			name = AlertView;
			productName = AlertView;
			productReference = 844FCE7D174DEB0900BB8481 /* AlertView.app */;
			productType = "com.apple.product-type.application";
		};
/* End PBXNativeTarget section */

/* Begin PBXProject section */
		844FCE75174DEB0900BB8481 /* Project object */ = {
			isa = PBXProject;
			attributes = {
				CLASSPREFIX = CRI;
				LastUpgradeCheck = 0460;
				ORGANIZATIONNAME = "Crimson Research, Inc.";
			};
			buildConfigurationList = 844FCE78174DEB0900BB8481 /* Build configuration list for PBXProject "AlertView" */;
			compatibilityVersion = "Xcode 3.2";
			developmentRegion = English;
			hasScannedForEncodings = 0;
			knownRegions = (
				en,
			);
			mainGroup = 844FCE74174DEB0900BB8481;
			productRefGroup = 844FCE7E174DEB0900BB8481 /* Products */;
			projectDirPath = "";
			projectRoot = "";
			targets = (
				844FCE7C174DEB0900BB8481 /* AlertView */,
			);
		};
/* End PBXProject section */

/* Begin PBXResourcesBuildPhase section */
		844FCE7B174DEB0900BB8481 /* Resources */ = {
			isa = PBXResourcesBuildPhase;
			buildActionMask = 2147483647;
			files = (
				844FCE8B174DEB0900BB8481 /* InfoPlist.strings in Resources */,
				844FCE93174DEB0900BB8481 /* Default.png in Resources */,
				844FCE95174DEB0900BB8481 /* Default@2x.png in Resources */,
				844FCE97174DEB0900BB8481 /* Default-568h@2x.png in Resources */,
				844FCE9D174DEB0900BB8481 /* CRIViewController_iPhone.xib in Resources */,
				844FCEA0174DEB0900BB8481 /* CRIViewController_iPad.xib in Resources */,
			);
			runOnlyForDeploymentPostprocessing = 0;
		};
/* End PBXResourcesBuildPhase section */

/* Begin PBXSourcesBuildPhase section */
		844FCE79174DEB0900BB8481 /* Sources */ = {
			isa = PBXSourcesBuildPhase;
			buildActionMask = 2147483647;
			files = (
				844FCE8D174DEB0900BB8481 /* main.m in Sources */,
				844FCE91174DEB0900BB8481 /* CRIAppDelegate.m in Sources */,
				844FCE9A174DEB0900BB8481 /* CRIViewController.m in Sources */,
				8422946D1774D9C000958105 /* UIAlertView+Blocks.m in Sources */,
				8422946C1774D9C000958105 /* UIActionSheet+Blocks.m in Sources */,
				8422946B1774D9C000958105 /* CRIButtonItem.m in Sources */,
			);
			runOnlyForDeploymentPostprocessing = 0;
		};
/* End PBXSourcesBuildPhase section */

/* Begin PBXVariantGroup section */
		844FCE89174DEB0900BB8481 /* InfoPlist.strings */ = {
			isa = PBXVariantGroup;
			children = (
				844FCE8A174DEB0900BB8481 /* en */,
			);
			name = InfoPlist.strings;
			sourceTree = "<group>";
		};
		844FCE9B174DEB0900BB8481 /* CRIViewController_iPhone.xib */ = {
			isa = PBXVariantGroup;
			children = (
				844FCE9C174DEB0900BB8481 /* en */,
			);
			name = CRIViewController_iPhone.xib;
			sourceTree = "<group>";
		};
		844FCE9E174DEB0900BB8481 /* CRIViewController_iPad.xib */ = {
			isa = PBXVariantGroup;
			children = (
				844FCE9F174DEB0900BB8481 /* en */,
			);
			name = CRIViewController_iPad.xib;
			sourceTree = "<group>";
		};
/* End PBXVariantGroup section */

/* Begin XCBuildConfiguration section */
		844FCEA1174DEB0900BB8481 /* Debug */ = {
			isa = XCBuildConfiguration;
			buildSettings = {
				ALWAYS_SEARCH_USER_PATHS = NO;
				CLANG_CXX_LANGUAGE_STANDARD = "gnu++0x";
				CLANG_CXX_LIBRARY = "libc++";
				CLANG_ENABLE_MODULES = NO;
				CLANG_ENABLE_OBJC_ARC = YES;
				CLANG_WARN_CONSTANT_CONVERSION = YES;
				CLANG_WARN_EMPTY_BODY = YES;
				CLANG_WARN_ENUM_CONVERSION = YES;
				CLANG_WARN_INT_CONVERSION = YES;
				CLANG_WARN__DUPLICATE_METHOD_MATCH = YES;
				"CODE_SIGN_IDENTITY[sdk=iphoneos*]" = "iPhone Developer";
				COPY_PHASE_STRIP = NO;
				GCC_C_LANGUAGE_STANDARD = gnu99;
				GCC_DYNAMIC_NO_PIC = NO;
				GCC_OPTIMIZATION_LEVEL = 0;
				GCC_PREPROCESSOR_DEFINITIONS = (
					"DEBUG=1",
					"$(inherited)",
				);
				GCC_SYMBOLS_PRIVATE_EXTERN = NO;
				GCC_WARN_ABOUT_RETURN_TYPE = YES;
				GCC_WARN_UNINITIALIZED_AUTOS = YES;
				GCC_WARN_UNUSED_VARIABLE = YES;
				IPHONEOS_DEPLOYMENT_TARGET = 7.0;
				ONLY_ACTIVE_ARCH = YES;
				SDKROOT = iphoneos;
				TARGETED_DEVICE_FAMILY = "1,2";
			};
			name = Debug;
		};
		844FCEA2174DEB0900BB8481 /* Release */ = {
			isa = XCBuildConfiguration;
			buildSettings = {
				ALWAYS_SEARCH_USER_PATHS = NO;
				CLANG_CXX_LANGUAGE_STANDARD = "gnu++0x";
				CLANG_CXX_LIBRARY = "libc++";
				CLANG_ENABLE_MODULES = NO;
				CLANG_ENABLE_OBJC_ARC = YES;
				CLANG_WARN_CONSTANT_CONVERSION = YES;
				CLANG_WARN_EMPTY_BODY = YES;
				CLANG_WARN_ENUM_CONVERSION = YES;
				CLANG_WARN_INT_CONVERSION = YES;
				CLANG_WARN__DUPLICATE_METHOD_MATCH = YES;
				"CODE_SIGN_IDENTITY[sdk=iphoneos*]" = "iPhone Developer";
				COPY_PHASE_STRIP = YES;
				GCC_C_LANGUAGE_STANDARD = gnu99;
				GCC_WARN_ABOUT_RETURN_TYPE = YES;
				GCC_WARN_UNINITIALIZED_AUTOS = YES;
				GCC_WARN_UNUSED_VARIABLE = YES;
				IPHONEOS_DEPLOYMENT_TARGET = 7.0;
				OTHER_CFLAGS = "-DNS_BLOCK_ASSERTIONS=1";
				SDKROOT = iphoneos;
				TARGETED_DEVICE_FAMILY = "1,2";
				VALIDATE_PRODUCT = YES;
			};
			name = Release;
		};
		844FCEA4174DEB0900BB8481 /* Debug */ = {
			isa = XCBuildConfiguration;
			buildSettings = {
				GCC_PRECOMPILE_PREFIX_HEADER = YES;
				GCC_PREFIX_HEADER = "AlertView/AlertView-Prefix.pch";
				INFOPLIST_FILE = "AlertView/AlertView-Info.plist";
				PRODUCT_NAME = "$(TARGET_NAME)";
				WRAPPER_EXTENSION = app;
			};
			name = Debug;
		};
		844FCEA5174DEB0900BB8481 /* Release */ = {
			isa = XCBuildConfiguration;
			buildSettings = {
				GCC_PRECOMPILE_PREFIX_HEADER = YES;
				GCC_PREFIX_HEADER = "AlertView/AlertView-Prefix.pch";
				INFOPLIST_FILE = "AlertView/AlertView-Info.plist";
				PRODUCT_NAME = "$(TARGET_NAME)";
				WRAPPER_EXTENSION = app;
			};
			name = Release;
		};
/* End XCBuildConfiguration section */

/* Begin XCConfigurationList section */
		844FCE78174DEB0900BB8481 /* Build configuration list for PBXProject "AlertView" */ = {
			isa = XCConfigurationList;
			buildConfigurations = (
				844FCEA1174DEB0900BB8481 /* Debug */,
				844FCEA2174DEB0900BB8481 /* Release */,
			);
			defaultConfigurationIsVisible = 0;
			defaultConfigurationName = Release;
		};
		844FCEA3174DEB0900BB8481 /* Build configuration list for PBXNativeTarget "AlertView" */ = {
			isa = XCConfigurationList;
			buildConfigurations = (
				844FCEA4174DEB0900BB8481 /* Debug */,
				844FCEA5174DEB0900BB8481 /* Release */,
			);
			defaultConfigurationIsVisible = 0;
			defaultConfigurationName = Release;
		};
/* End XCConfigurationList section */
	};
	rootObject = 844FCE75174DEB0900BB8481 /* Project object */;
}
